// !$*UTF8*$!
{
	archiveVersion = 1;
	classes = {
	};
	objectVersion = 46;
	objects = {

/* Begin PBXBuildFile section */
		DA85A22019CFB63E004DD26B /* AppDelegate.swift in Sources */ = {isa = PBXBuildFile; fileRef = DA85A21F19CFB63E004DD26B /* AppDelegate.swift */; };
		DA85A22319CFB63E004DD26B /* Swift_Widget.xcdatamodeld in Sources */ = {isa = PBXBuildFile; fileRef = DA85A22119CFB63E004DD26B /* Swift_Widget.xcdatamodeld */; };
		DA85A22519CFB63E004DD26B /* ViewController.swift in Sources */ = {isa = PBXBuildFile; fileRef = DA85A22419CFB63E004DD26B /* ViewController.swift */; };
		DA85A22819CFB63E004DD26B /* Main.storyboard in Resources */ = {isa = PBXBuildFile; fileRef = DA85A22619CFB63E004DD26B /* Main.storyboard */; };
		DA85A22A19CFB63E004DD26B /* Images.xcassets in Resources */ = {isa = PBXBuildFile; fileRef = DA85A22919CFB63E004DD26B /* Images.xcassets */; };
		DA85A22D19CFB63E004DD26B /* LaunchScreen.xib in Resources */ = {isa = PBXBuildFile; fileRef = DA85A22B19CFB63E004DD26B /* LaunchScreen.xib */; };
		DA85A23919CFB63E004DD26B /* Swift_WidgetTests.swift in Sources */ = {isa = PBXBuildFile; fileRef = DA85A23819CFB63E004DD26B /* Swift_WidgetTests.swift */; };
/* End PBXBuildFile section */

/* Begin PBXContainerItemProxy section */
		DA85A23319CFB63E004DD26B /* PBXContainerItemProxy */ = {
			isa = PBXContainerItemProxy;
			containerPortal = DA85A21219CFB63E004DD26B /* Project object */;
			proxyType = 1;
			remoteGlobalIDString = DA85A21919CFB63E004DD26B;
			remoteInfo = "Swift-Widget";
		};
/* End PBXContainerItemProxy section */

/* Begin PBXFileReference section */
		DA85A21A19CFB63E004DD26B /* Swift-Widget.app */ = {isa = PBXFileReference; explicitFileType = wrapper.application; includeInIndex = 0; path = "Swift-Widget.app"; sourceTree = BUILT_PRODUCTS_DIR; };
		DA85A21E19CFB63E004DD26B /* Info.plist */ = {isa = PBXFileReference; lastKnownFileType = text.plist.xml; path = Info.plist; sourceTree = "<group>"; };
		DA85A21F19CFB63E004DD26B /* AppDelegate.swift */ = {isa = PBXFileReference; lastKnownFileType = sourcecode.swift; path = AppDelegate.swift; sourceTree = "<group>"; };
		DA85A22219CFB63E004DD26B /* Swift_Widget.xcdatamodel */ = {isa = PBXFileReference; lastKnownFileType = wrapper.xcdatamodel; path = Swift_Widget.xcdatamodel; sourceTree = "<group>"; };
		DA85A22419CFB63E004DD26B /* ViewController.swift */ = {isa = PBXFileReference; lastKnownFileType = sourcecode.swift; path = ViewController.swift; sourceTree = "<group>"; };
		DA85A22719CFB63E004DD26B /* Base */ = {isa = PBXFileReference; lastKnownFileType = file.storyboard; name = Base; path = Base.lproj/Main.storyboard; sourceTree = "<group>"; };
		DA85A22919CFB63E004DD26B /* Images.xcassets */ = {isa = PBXFileReference; lastKnownFileType = folder.assetcatalog; path = Images.xcassets; sourceTree = "<group>"; };
		DA85A22C19CFB63E004DD26B /* Base */ = {isa = PBXFileReference; lastKnownFileType = file.xib; name = Base; path = Base.lproj/LaunchScreen.xib; sourceTree = "<group>"; };
		DA85A23219CFB63E004DD26B /* Swift-WidgetTests.xctest */ = {isa = PBXFileReference; explicitFileType = wrapper.cfbundle; includeInIndex = 0; path = "Swift-WidgetTests.xctest"; sourceTree = BUILT_PRODUCTS_DIR; };
		DA85A23719CFB63E004DD26B /* Info.plist */ = {isa = PBXFileReference; lastKnownFileType = text.plist.xml; path = Info.plist; sourceTree = "<group>"; };
		DA85A23819CFB63E004DD26B /* Swift_WidgetTests.swift */ = {isa = PBXFileReference; lastKnownFileType = sourcecode.swift; path = Swift_WidgetTests.swift; sourceTree = "<group>"; };
/* End PBXFileReference section */

/* Begin PBXFrameworksBuildPhase section */
		DA85A21719CFB63E004DD26B /* Frameworks */ = {
			isa = PBXFrameworksBuildPhase;
			buildActionMask = 2147483647;
			files = (
			);
			runOnlyForDeploymentPostprocessing = 0;
		};
		DA85A22F19CFB63E004DD26B /* Frameworks */ = {
			isa = PBXFrameworksBuildPhase;
			buildActionMask = 2147483647;
			files = (
			);
			runOnlyForDeploymentPostprocessing = 0;
		};
/* End PBXFrameworksBuildPhase section */

/* Begin PBXGroup section */
		DA85A21119CFB63E004DD26B = {
			isa = PBXGroup;
			children = (
				DA85A21C19CFB63E004DD26B /* Swift-Widget */,
				DA85A23519CFB63E004DD26B /* Swift-WidgetTests */,
				DA85A21B19CFB63E004DD26B /* Products */,
			);
			sourceTree = "<group>";
		};
		DA85A21B19CFB63E004DD26B /* Products */ = {
			isa = PBXGroup;
			children = (
				DA85A21A19CFB63E004DD26B /* Swift-Widget.app */,
				DA85A23219CFB63E004DD26B /* Swift-WidgetTests.xctest */,
			);
			name = Products;
			sourceTree = "<group>";
		};
		DA85A21C19CFB63E004DD26B /* Swift-Widget */ = {
			isa = PBXGroup;
			children = (
				DA85A21F19CFB63E004DD26B /* AppDelegate.swift */,
				DA85A22419CFB63E004DD26B /* ViewController.swift */,
				DA85A22619CFB63E004DD26B /* Main.storyboard */,
				DA85A22919CFB63E004DD26B /* Images.xcassets */,
				DA85A22B19CFB63E004DD26B /* LaunchScreen.xib */,
				DA85A22119CFB63E004DD26B /* Swift_Widget.xcdatamodeld */,
				DA85A21D19CFB63E004DD26B /* Supporting Files */,
			);
			path = "Swift-Widget";
			sourceTree = "<group>";
		};
		DA85A21D19CFB63E004DD26B /* Supporting Files */ = {
			isa = PBXGroup;
			children = (
				DA85A21E19CFB63E004DD26B /* Info.plist */,
			);
			name = "Supporting Files";
			sourceTree = "<group>";
		};
		DA85A23519CFB63E004DD26B /* Swift-WidgetTests */ = {
			isa = PBXGroup;
			children = (
				DA85A23819CFB63E004DD26B /* Swift_WidgetTests.swift */,
				DA85A23619CFB63E004DD26B /* Supporting Files */,
			);
			path = "Swift-WidgetTests";
			sourceTree = "<group>";
		};
		DA85A23619CFB63E004DD26B /* Supporting Files */ = {
			isa = PBXGroup;
			children = (
				DA85A23719CFB63E004DD26B /* Info.plist */,
			);
			name = "Supporting Files";
			sourceTree = "<group>";
		};
/* End PBXGroup section */

/* Begin PBXNativeTarget section */
		DA85A21919CFB63E004DD26B /* Swift-Widget */ = {
			isa = PBXNativeTarget;
			buildConfigurationList = DA85A23C19CFB63E004DD26B /* Build configuration list for PBXNativeTarget "Swift-Widget" */;
			buildPhases = (
				DA85A21619CFB63E004DD26B /* Sources */,
				DA85A21719CFB63E004DD26B /* Frameworks */,
				DA85A21819CFB63E004DD26B /* Resources */,
			);
			buildRules = (
			);
			dependencies = (
			);
			name = "Swift-Widget";
			productName = "Swift-Widget";
			productReference = DA85A21A19CFB63E004DD26B /* Swift-Widget.app */;
			productType = "com.apple.product-type.application";
		};
		DA85A23119CFB63E004DD26B /* Swift-WidgetTests */ = {
			isa = PBXNativeTarget;
			buildConfigurationList = DA85A23F19CFB63E004DD26B /* Build configuration list for PBXNativeTarget "Swift-WidgetTests" */;
			buildPhases = (
				DA85A22E19CFB63E004DD26B /* Sources */,
				DA85A22F19CFB63E004DD26B /* Frameworks */,
				DA85A23019CFB63E004DD26B /* Resources */,
			);
			buildRules = (
			);
			dependencies = (
				DA85A23419CFB63E004DD26B /* PBXTargetDependency */,
			);
			name = "Swift-WidgetTests";
			productName = "Swift-WidgetTests";
			productReference = DA85A23219CFB63E004DD26B /* Swift-WidgetTests.xctest */;
			productType = "com.apple.product-type.bundle.unit-test";
		};
/* End PBXNativeTarget section */

/* Begin PBXProject section */
		DA85A21219CFB63E004DD26B /* Project object */ = {
			isa = PBXProject;
			attributes = {
				LastUpgradeCheck = 0600;
				ORGANIZATIONNAME = AnyTap;
				TargetAttributes = {
					DA85A21919CFB63E004DD26B = {
						CreatedOnToolsVersion = 6.0;
					};
					DA85A23119CFB63E004DD26B = {
						CreatedOnToolsVersion = 6.0;
						TestTargetID = DA85A21919CFB63E004DD26B;
					};
				};
			};
			buildConfigurationList = DA85A21519CFB63E004DD26B /* Build configuration list for PBXProject "Swift-Widget" */;
			compatibilityVersion = "Xcode 3.2";
			developmentRegion = English;
			hasScannedForEncodings = 0;
			knownRegions = (
				en,
				Base,
			);
			mainGroup = DA85A21119CFB63E004DD26B;
			productRefGroup = DA85A21B19CFB63E004DD26B /* Products */;
			projectDirPath = "";
			projectRoot = "";
			targets = (
				DA85A21919CFB63E004DD26B /* Swift-Widget */,
				DA85A23119CFB63E004DD26B /* Swift-WidgetTests */,
			);
		};
/* End PBXProject section */

/* Begin PBXResourcesBuildPhase section */
		DA85A21819CFB63E004DD26B /* Resources */ = {
			isa = PBXResourcesBuildPhase;
			buildActionMask = 2147483647;
			files = (
				DA85A22819CFB63E004DD26B /* Main.storyboard in Resources */,
				DA85A22D19CFB63E004DD26B /* LaunchScreen.xib in Resources */,
				DA85A22A19CFB63E004DD26B /* Images.xcassets in Resources */,
			);
			runOnlyForDeploymentPostprocessing = 0;
		};
		DA85A23019CFB63E004DD26B /* Resources */ = {
			isa = PBXResourcesBuildPhase;
			buildActionMask = 2147483647;
			files = (
			);
			runOnlyForDeploymentPostprocessing = 0;
		};
/* End PBXResourcesBuildPhase section */

/* Begin PBXSourcesBuildPhase section */
		DA85A21619CFB63E004DD26B /* Sources */ = {
			isa = PBXSourcesBuildPhase;
			buildActionMask = 2147483647;
			files = (
				DA85A22519CFB63E004DD26B /* ViewController.swift in Sources */,
				DA85A22019CFB63E004DD26B /* AppDelegate.swift in Sources */,
				DA85A22319CFB63E004DD26B /* Swift_Widget.xcdatamodeld in Sources */,
			);
			runOnlyForDeploymentPostprocessing = 0;
		};
		DA85A22E19CFB63E004DD26B /* Sources */ = {
			isa = PBXSourcesBuildPhase;
			buildActionMask = 2147483647;
			files = (
				DA85A23919CFB63E004DD26B /* Swift_WidgetTests.swift in Sources */,
			);
			runOnlyForDeploymentPostprocessing = 0;
		};
/* End PBXSourcesBuildPhase section */

/* Begin PBXTargetDependency section */
		DA85A23419CFB63E004DD26B /* PBXTargetDependency */ = {
			isa = PBXTargetDependency;
			target = DA85A21919CFB63E004DD26B /* Swift-Widget */;
			targetProxy = DA85A23319CFB63E004DD26B /* PBXContainerItemProxy */;
		};
/* End PBXTargetDependency section */

/* Begin PBXVariantGroup section */
		DA85A22619CFB63E004DD26B /* Main.storyboard */ = {
			isa = PBXVariantGroup;
			children = (
				DA85A22719CFB63E004DD26B /* Base */,
			);
			name = Main.storyboard;
			sourceTree = "<group>";
		};
		DA85A22B19CFB63E004DD26B /* LaunchScreen.xib */ = {
			isa = PBXVariantGroup;
			children = (
				DA85A22C19CFB63E004DD26B /* Base */,
			);
			name = LaunchScreen.xib;
			sourceTree = "<group>";
		};
/* End PBXVariantGroup section */

/* Begin XCBuildConfiguration section */
		DA85A23A19CFB63E004DD26B /* Debug */ = {
			isa = XCBuildConfiguration;
			buildSettings = {
				ALWAYS_SEARCH_USER_PATHS = NO;
				CLANG_CXX_LANGUAGE_STANDARD = "gnu++0x";
				CLANG_CXX_LIBRARY = "libc++";
				CLANG_ENABLE_MODULES = YES;
				CLANG_ENABLE_OBJC_ARC = YES;
				CLANG_WARN_BOOL_CONVERSION = YES;
				CLANG_WARN_CONSTANT_CONVERSION = YES;
				CLANG_WARN_DIRECT_OBJC_ISA_USAGE = YES_ERROR;
				CLANG_WARN_EMPTY_BODY = YES;
				CLANG_WARN_ENUM_CONVERSION = YES;
				CLANG_WARN_INT_CONVERSION = YES;
				CLANG_WARN_OBJC_ROOT_CLASS = YES_ERROR;
				CLANG_WARN_UNREACHABLE_CODE = YES;
				CLANG_WARN__DUPLICATE_METHOD_MATCH = YES;
				"CODE_SIGN_IDENTITY[sdk=iphoneos*]" = "iPhone Developer";
				COPY_PHASE_STRIP = NO;
				ENABLE_STRICT_OBJC_MSGSEND = YES;
				GCC_C_LANGUAGE_STANDARD = gnu99;
				GCC_DYNAMIC_NO_PIC = NO;
				GCC_OPTIMIZATION_LEVEL = 0;
				GCC_PREPROCESSOR_DEFINITIONS = (
					"DEBUG=1",
					"$(inherited)",
				);
				GCC_SYMBOLS_PRIVATE_EXTERN = NO;
				GCC_WARN_64_TO_32_BIT_CONVERSION = YES;
				GCC_WARN_ABOUT_RETURN_TYPE = YES_ERROR;
				GCC_WARN_UNDECLARED_SELECTOR = YES;
				GCC_WARN_UNINITIALIZED_AUTOS = YES_AGGRESSIVE;
				GCC_WARN_UNUSED_FUNCTION = YES;
				GCC_WARN_UNUSED_VARIABLE = YES;
				IPHONEOS_DEPLOYMENT_TARGET = 8.0;
				MTL_ENABLE_DEBUG_INFO = YES;
				ONLY_ACTIVE_ARCH = YES;
				SDKROOT = iphoneos;
				SWIFT_OPTIMIZATION_LEVEL = "-Onone";
			};
			name = Debug;
		};
		DA85A23B19CFB63E004DD26B /* Release */ = {
			isa = XCBuildConfiguration;
			buildSettings = {
				ALWAYS_SEARCH_USER_PATHS = NO;
				CLANG_CXX_LANGUAGE_STANDARD = "gnu++0x";
				CLANG_CXX_LIBRARY = "libc++";
				CLANG_ENABLE_MODULES = YES;
				CLANG_ENABLE_OBJC_ARC = YES;
				CLANG_WARN_BOOL_CONVERSION = YES;
				CLANG_WARN_CONSTANT_CONVERSION = YES;
				CLANG_WARN_DIRECT_OBJC_ISA_USAGE = YES_ERROR;
				CLANG_WARN_EMPTY_BODY = YES;
				CLANG_WARN_ENUM_CONVERSION = YES;
				CLANG_WARN_INT_CONVERSION = YES;
				CLANG_WARN_OBJC_ROOT_CLASS = YES_ERROR;
				CLANG_WARN_UNREACHABLE_CODE = YES;
				CLANG_WARN__DUPLICATE_METHOD_MATCH = YES;
				"CODE_SIGN_IDENTITY[sdk=iphoneos*]" = "iPhone Developer";
				COPY_PHASE_STRIP = YES;
				ENABLE_NS_ASSERTIONS = NO;
				ENABLE_STRICT_OBJC_MSGSEND = YES;
				GCC_C_LANGUAGE_STANDARD = gnu99;
				GCC_WARN_64_TO_32_BIT_CONVERSION = YES;
				GCC_WARN_ABOUT_RETURN_TYPE = YES_ERROR;
				GCC_WARN_UNDECLARED_SELECTOR = YES;
				GCC_WARN_UNINITIALIZED_AUTOS = YES_AGGRESSIVE;
				GCC_WARN_UNUSED_FUNCTION = YES;
				GCC_WARN_UNUSED_VARIABLE = YES;
				IPHONEOS_DEPLOYMENT_TARGET = 8.0;
				MTL_ENABLE_DEBUG_INFO = NO;
				SDKROOT = iphoneos;
				VALIDATE_PRODUCT = YES;
			};
			name = Release;
		};
		DA85A23D19CFB63E004DD26B /* Debug */ = {
			isa = XCBuildConfiguration;
			buildSettings = {
				ASSETCATALOG_COMPILER_APPICON_NAME = AppIcon;
				INFOPLIST_FILE = "Swift-Widget/Info.plist";
				LD_RUNPATH_SEARCH_PATHS = "$(inherited) @executable_path/Frameworks";
				PRODUCT_NAME = "$(TARGET_NAME)";
			};
			name = Debug;
		};
		DA85A23E19CFB63E004DD26B /* Release */ = {
			isa = XCBuildConfiguration;
			buildSettings = {
				ASSETCATALOG_COMPILER_APPICON_NAME = AppIcon;
				INFOPLIST_FILE = "Swift-Widget/Info.plist";
				LD_RUNPATH_SEARCH_PATHS = "$(inherited) @executable_path/Frameworks";
				PRODUCT_NAME = "$(TARGET_NAME)";
			};
			name = Release;
		};
		DA85A24019CFB63E004DD26B /* Debug */ = {
			isa = XCBuildConfiguration;
			buildSettings = {
				BUNDLE_LOADER = "$(TEST_HOST)";
				FRAMEWORK_SEARCH_PATHS = (
					"$(SDKROOT)/Developer/Library/Frameworks",
					"$(inherited)",
				);
				GCC_PREPROCESSOR_DEFINITIONS = (
					"DEBUG=1",
					"$(inherited)",
				);
				INFOPLIST_FILE = "Swift-WidgetTests/Info.plist";
				LD_RUNPATH_SEARCH_PATHS = "$(inherited) @executable_path/Frameworks @loader_path/Frameworks";
				PRODUCT_NAME = "$(TARGET_NAME)";
				TEST_HOST = "$(BUILT_PRODUCTS_DIR)/Swift-Widget.app/Swift-Widget";
			};
			name = Debug;
		};
		DA85A24119CFB63E004DD26B /* Release */ = {
			isa = XCBuildConfiguration;
			buildSettings = {
				BUNDLE_LOADER = "$(TEST_HOST)";
				FRAMEWORK_SEARCH_PATHS = (
					"$(SDKROOT)/Developer/Library/Frameworks",
					"$(inherited)",
				);
				INFOPLIST_FILE = "Swift-WidgetTests/Info.plist";
				LD_RUNPATH_SEARCH_PATHS = "$(inherited) @executable_path/Frameworks @loader_path/Frameworks";
				PRODUCT_NAME = "$(TARGET_NAME)";
				TEST_HOST = "$(BUILT_PRODUCTS_DIR)/Swift-Widget.app/Swift-Widget";
			};
			name = Release;
		};
/* End XCBuildConfiguration section */

/* Begin XCConfigurationList section */
		DA85A21519CFB63E004DD26B /* Build configuration list for PBXProject "Swift-Widget" */ = {
			isa = XCConfigurationList;
			buildConfigurations = (
				DA85A23A19CFB63E004DD26B /* Debug */,
				DA85A23B19CFB63E004DD26B /* Release */,
			);
			defaultConfigurationIsVisible = 0;
			defaultConfigurationName = Release;
		};
		DA85A23C19CFB63E004DD26B /* Build configuration list for PBXNativeTarget "Swift-Widget" */ = {
			isa = XCConfigurationList;
			buildConfigurations = (
				DA85A23D19CFB63E004DD26B /* Debug */,
				DA85A23E19CFB63E004DD26B /* Release */,
			);
			defaultConfigurationIsVisible = 0;
		};
		DA85A23F19CFB63E004DD26B /* Build configuration list for PBXNativeTarget "Swift-WidgetTests" */ = {
			isa = XCConfigurationList;
			buildConfigurations = (
				DA85A24019CFB63E004DD26B /* Debug */,
				DA85A24119CFB63E004DD26B /* Release */,
			);
			defaultConfigurationIsVisible = 0;
		};
/* End XCConfigurationList section */

/* Begin XCVersionGroup section */
		DA85A22119CFB63E004DD26B /* Swift_Widget.xcdatamodeld */ = {
			isa = XCVersionGroup;
			children = (
				DA85A22219CFB63E004DD26B /* Swift_Widget.xcdatamodel */,
			);
			currentVersion = DA85A22219CFB63E004DD26B /* Swift_Widget.xcdatamodel */;
			path = Swift_Widget.xcdatamodeld;
			sourceTree = "<group>";
			versionGroupType = wrapper.xcdatamodel;
		};
/* End XCVersionGroup section */
	};
	rootObject = DA85A21219CFB63E004DD26B /* Project object */;
}
